
Microsoft Visual Studio Solution File, Format Version 12.00
# Visual Studio Version 17
VisualStudioVersion = 17.0.31903.59
MinimumVisualStudioVersion = 10.0.40219.1
Project("{FAE04EC0-301F-11D3-BF4B-00C04F79EFBC}") = "SnakeLadder", "SnakeLadder\SnakeLadder.csproj", "{F6D2E623-81C1-4A14-9B6F-1F0D41A34779}"
EndProject
Global
	GlobalSection(SolutionConfigurationPlatforms) = preSolution
		Debug|Any CPU = Debug|Any CPU
		Release|Any CPU = Release|Any CPU
	EndGlobalSection
	GlobalSection(ProjectConfigurationPlatforms) = postSolution
		{F6D2E623-81C1-4A14-9B6F-1F0D41A34779}.Debug|Any CPU.ActiveCfg = Debug|Any CPU
		{F6D2E623-81C1-4A14-9B6F-1F0D41A34779}.Debug|Any CPU.Build.0 = Debug|Any CPU
		{F6D2E623-81C1-4A14-9B6F-1F0D41A34779}.Release|Any CPU.ActiveCfg = Release|Any CPU
		{F6D2E623-81C1-4A14-9B6F-1F0D41A34779}.Release|Any CPU.Build.0 = Release|Any CPU
	EndGlobalSection
	GlobalSection(SolutionProperties) = preSolution
		HideSolutionNode = FALSE
	EndGlobalSection
	GlobalSection(ExtensibilityGlobals) = postSolution
		SolutionGuid = {B8E06EF7-03DB-45BD-B2F0-5824A27F2D78}
	EndGlobalSection
EndGlobal
